
Microsoft Visual Studio Solution File, Format Version 12.00
# Visual Studio Version 16
VisualStudioVersion = 16.0.31515.178
MinimumVisualStudioVersion = 10.0.40219.1
Project("{FAE04EC0-301F-11D3-BF4B-00C04F79EFBC}") = "GenericsStudy", "GenericsStudy\GenericsStudy.csproj", "{FEF642F0-D3D9-4738-A6EA-A968693D9BF4}"
EndProject
Global
	GlobalSection(SolutionConfigurationPlatforms) = preSolution
		Debug|Any CPU = Debug|Any CPU
		Release|Any CPU = Release|Any CPU
	EndGlobalSection
	GlobalSection(ProjectConfigurationPlatforms) = postSolution
		{FEF642F0-D3D9-4738-A6EA-A968693D9BF4}.Debug|Any CPU.ActiveCfg = Debug|Any CPU
		{FEF642F0-D3D9-4738-A6EA-A968693D9BF4}.Debug|Any CPU.Build.0 = Debug|Any CPU
		{FEF642F0-D3D9-4738-A6EA-A968693D9BF4}.Release|Any CPU.ActiveCfg = Release|Any CPU
		{FEF642F0-D3D9-4738-A6EA-A968693D9BF4}.Release|Any CPU.Build.0 = Release|Any CPU
	EndGlobalSection
	GlobalSection(SolutionProperties) = preSolution
		HideSolutionNode = FALSE
	EndGlobalSection
	GlobalSection(ExtensibilityGlobals) = postSolution
		SolutionGuid = {DB865D82-BCD7-4B17-B604-1259BF789167}
	EndGlobalSection
EndGlobal
