
Microsoft Visual Studio Solution File, Format Version 12.00
# Visual Studio Version 16
VisualStudioVersion = 16.0.810.6
MinimumVisualStudioVersion = 10.0.40219.1
Project("{FAE04EC0-301F-11D3-BF4B-00C04F79EFBC}") = "DirectoryDirectoryInfo", "DirectoryDirectoryInfo.csproj", "{883988F8-99A1-47F1-9348-48CD8B5F947A}"
EndProject
Global
	GlobalSection(SolutionConfigurationPlatforms) = preSolution
		Debug|anycpu = Debug|anycpu
		Release|anycpu = Release|anycpu
	EndGlobalSection
	GlobalSection(ProjectConfigurationPlatforms) = postSolution
		{883988F8-99A1-47F1-9348-48CD8B5F947A}.Debug|anycpu.ActiveCfg = Debug|anycpu
		{883988F8-99A1-47F1-9348-48CD8B5F947A}.Debug|anycpu.Build.0 = Debug|anycpu
		{883988F8-99A1-47F1-9348-48CD8B5F947A}.Release|anycpu.ActiveCfg = Release|anycpu
		{883988F8-99A1-47F1-9348-48CD8B5F947A}.Release|anycpu.Build.0 = Release|anycpu
	EndGlobalSection
	GlobalSection(SolutionProperties) = preSolution
		HideSolutionNode = FALSE
	EndGlobalSection
	GlobalSection(ExtensibilityGlobals) = postSolution
		SolutionGuid = {3F744FB3-4A34-406A-A220-E7D4854B9906}
	EndGlobalSection
EndGlobal
