
Microsoft Visual Studio Solution File, Format Version 12.00
# Visual Studio Version 16
VisualStudioVersion = 16.0.810.5
MinimumVisualStudioVersion = 10.0.40219.1
Project("{FAE04EC0-301F-11D3-BF4B-00C04F79EFBC}") = "CustomExceptions", "CustomExceptions.csproj", "{4760892E-B803-47E7-AC50-30F68C89DF23}"
EndProject
Global
	GlobalSection(SolutionConfigurationPlatforms) = preSolution
		Debug|anycpu = Debug|anycpu
		Release|anycpu = Release|anycpu
	EndGlobalSection
	GlobalSection(ProjectConfigurationPlatforms) = postSolution
		{4760892E-B803-47E7-AC50-30F68C89DF23}.Debug|anycpu.ActiveCfg = Debug|anycpu
		{4760892E-B803-47E7-AC50-30F68C89DF23}.Debug|anycpu.Build.0 = Debug|anycpu
		{4760892E-B803-47E7-AC50-30F68C89DF23}.Release|anycpu.ActiveCfg = Release|anycpu
		{4760892E-B803-47E7-AC50-30F68C89DF23}.Release|anycpu.Build.0 = Release|anycpu
	EndGlobalSection
	GlobalSection(SolutionProperties) = preSolution
		HideSolutionNode = FALSE
	EndGlobalSection
	GlobalSection(ExtensibilityGlobals) = postSolution
		SolutionGuid = {D7A2C43A-4181-4896-9F64-E7A47551C525}
	EndGlobalSection
EndGlobal
