
Microsoft Visual Studio Solution File, Format Version 12.00
# Visual Studio Version 16
VisualStudioVersion = 16.0.810.5
MinimumVisualStudioVersion = 10.0.40219.1
Project("{FAE04EC0-301F-11D3-BF4B-00C04F79EFBC}") = "TimeSpanFunctions", "TimeSpanFunctions.csproj", "{4EBB1589-FB98-4D7F-80DF-94FBDDAAA2F7}"
EndProject
Global
	GlobalSection(SolutionConfigurationPlatforms) = preSolution
		Debug|anycpu = Debug|anycpu
		Release|anycpu = Release|anycpu
	EndGlobalSection
	GlobalSection(ProjectConfigurationPlatforms) = postSolution
		{4EBB1589-FB98-4D7F-80DF-94FBDDAAA2F7}.Debug|anycpu.ActiveCfg = Debug|anycpu
		{4EBB1589-FB98-4D7F-80DF-94FBDDAAA2F7}.Debug|anycpu.Build.0 = Debug|anycpu
		{4EBB1589-FB98-4D7F-80DF-94FBDDAAA2F7}.Release|anycpu.ActiveCfg = Release|anycpu
		{4EBB1589-FB98-4D7F-80DF-94FBDDAAA2F7}.Release|anycpu.Build.0 = Release|anycpu
	EndGlobalSection
	GlobalSection(SolutionProperties) = preSolution
		HideSolutionNode = FALSE
	EndGlobalSection
	GlobalSection(ExtensibilityGlobals) = postSolution
		SolutionGuid = {1699F69B-DA8D-4D84-B03D-23E3421B6FD1}
	EndGlobalSection
EndGlobal
