
Microsoft Visual Studio Solution File, Format Version 12.00
# Visual Studio Version 16
VisualStudioVersion = 16.0.810.5
MinimumVisualStudioVersion = 10.0.40219.1
Project("{FAE04EC0-301F-11D3-BF4B-00C04F79EFBC}") = "SwitchCase", "SwitchCase.csproj", "{70CFA17B-A2DC-4BD9-9288-A2C03C235463}"
EndProject
Global
	GlobalSection(SolutionConfigurationPlatforms) = preSolution
		Debug|anycpu = Debug|anycpu
		Release|anycpu = Release|anycpu
	EndGlobalSection
	GlobalSection(ProjectConfigurationPlatforms) = postSolution
		{70CFA17B-A2DC-4BD9-9288-A2C03C235463}.Debug|anycpu.ActiveCfg = Debug|anycpu
		{70CFA17B-A2DC-4BD9-9288-A2C03C235463}.Debug|anycpu.Build.0 = Debug|anycpu
		{70CFA17B-A2DC-4BD9-9288-A2C03C235463}.Release|anycpu.ActiveCfg = Release|anycpu
		{70CFA17B-A2DC-4BD9-9288-A2C03C235463}.Release|anycpu.Build.0 = Release|anycpu
	EndGlobalSection
	GlobalSection(SolutionProperties) = preSolution
		HideSolutionNode = FALSE
	EndGlobalSection
	GlobalSection(ExtensibilityGlobals) = postSolution
		SolutionGuid = {A089AD34-F8DC-4FFA-9269-3F6043CC1620}
	EndGlobalSection
EndGlobal
