
Microsoft Visual Studio Solution File, Format Version 12.00
# Visual Studio Version 16
VisualStudioVersion = 16.0.810.6
MinimumVisualStudioVersion = 10.0.40219.1
Project("{FAE04EC0-301F-11D3-BF4B-00C04F79EFBC}") = "PathStudy", "PathStudy.csproj", "{305B0BF1-4504-426A-875F-642AF35129BD}"
EndProject
Global
	GlobalSection(SolutionConfigurationPlatforms) = preSolution
		Debug|anycpu = Debug|anycpu
		Release|anycpu = Release|anycpu
	EndGlobalSection
	GlobalSection(ProjectConfigurationPlatforms) = postSolution
		{305B0BF1-4504-426A-875F-642AF35129BD}.Debug|anycpu.ActiveCfg = Debug|anycpu
		{305B0BF1-4504-426A-875F-642AF35129BD}.Debug|anycpu.Build.0 = Debug|anycpu
		{305B0BF1-4504-426A-875F-642AF35129BD}.Release|anycpu.ActiveCfg = Release|anycpu
		{305B0BF1-4504-426A-875F-642AF35129BD}.Release|anycpu.Build.0 = Release|anycpu
	EndGlobalSection
	GlobalSection(SolutionProperties) = preSolution
		HideSolutionNode = FALSE
	EndGlobalSection
	GlobalSection(ExtensibilityGlobals) = postSolution
		SolutionGuid = {5A506AAB-C35C-4D5A-875D-26A5D1EBCD97}
	EndGlobalSection
EndGlobal
