
Microsoft Visual Studio Solution File, Format Version 12.00
# Visual Studio Version 16
VisualStudioVersion = 16.0.31515.178
MinimumVisualStudioVersion = 10.0.40219.1
Project("{FAE04EC0-301F-11D3-BF4B-00C04F79EFBC}") = "HashSetSortedSetPart01", "HashSetSortedSetPart01\HashSetSortedSetPart01.csproj", "{59DE1353-2658-463D-B23C-0DCD7A8376B3}"
EndProject
Global
	GlobalSection(SolutionConfigurationPlatforms) = preSolution
		Debug|Any CPU = Debug|Any CPU
		Release|Any CPU = Release|Any CPU
	EndGlobalSection
	GlobalSection(ProjectConfigurationPlatforms) = postSolution
		{59DE1353-2658-463D-B23C-0DCD7A8376B3}.Debug|Any CPU.ActiveCfg = Debug|Any CPU
		{59DE1353-2658-463D-B23C-0DCD7A8376B3}.Debug|Any CPU.Build.0 = Debug|Any CPU
		{59DE1353-2658-463D-B23C-0DCD7A8376B3}.Release|Any CPU.ActiveCfg = Release|Any CPU
		{59DE1353-2658-463D-B23C-0DCD7A8376B3}.Release|Any CPU.Build.0 = Release|Any CPU
	EndGlobalSection
	GlobalSection(SolutionProperties) = preSolution
		HideSolutionNode = FALSE
	EndGlobalSection
	GlobalSection(ExtensibilityGlobals) = postSolution
		SolutionGuid = {B530C5EB-E259-440F-835B-047BCEED6BBD}
	EndGlobalSection
EndGlobal
