
Microsoft Visual Studio Solution File, Format Version 12.00
# Visual Studio Version 16
VisualStudioVersion = 16.0.810.5
MinimumVisualStudioVersion = 10.0.40219.1
Project("{FAE04EC0-301F-11D3-BF4B-00C04F79EFBC}") = "Nullable", "Nullable.csproj", "{11A71923-9B42-42B6-9DA8-3334A759369A}"
EndProject
Global
	GlobalSection(SolutionConfigurationPlatforms) = preSolution
		Debug|anycpu = Debug|anycpu
		Release|anycpu = Release|anycpu
	EndGlobalSection
	GlobalSection(ProjectConfigurationPlatforms) = postSolution
		{11A71923-9B42-42B6-9DA8-3334A759369A}.Debug|anycpu.ActiveCfg = Debug|anycpu
		{11A71923-9B42-42B6-9DA8-3334A759369A}.Debug|anycpu.Build.0 = Debug|anycpu
		{11A71923-9B42-42B6-9DA8-3334A759369A}.Release|anycpu.ActiveCfg = Release|anycpu
		{11A71923-9B42-42B6-9DA8-3334A759369A}.Release|anycpu.Build.0 = Release|anycpu
	EndGlobalSection
	GlobalSection(SolutionProperties) = preSolution
		HideSolutionNode = FALSE
	EndGlobalSection
	GlobalSection(ExtensibilityGlobals) = postSolution
		SolutionGuid = {5910C666-3FB9-45CF-A130-E0EAAB952CB9}
	EndGlobalSection
EndGlobal
