
Microsoft Visual Studio Solution File, Format Version 12.00
# Visual Studio Version 16
VisualStudioVersion = 16.0.810.5
MinimumVisualStudioVersion = 10.0.40219.1
Project("{FAE04EC0-301F-11D3-BF4B-00C04F79EFBC}") = "RepetitiveStructureWhile", "RepetitiveStructureWhile.csproj", "{1DBCF1F5-1074-4515-8D81-26A527FCC9EB}"
EndProject
Global
	GlobalSection(SolutionConfigurationPlatforms) = preSolution
		Debug|anycpu = Debug|anycpu
		Release|anycpu = Release|anycpu
	EndGlobalSection
	GlobalSection(ProjectConfigurationPlatforms) = postSolution
		{1DBCF1F5-1074-4515-8D81-26A527FCC9EB}.Debug|anycpu.ActiveCfg = Debug|anycpu
		{1DBCF1F5-1074-4515-8D81-26A527FCC9EB}.Debug|anycpu.Build.0 = Debug|anycpu
		{1DBCF1F5-1074-4515-8D81-26A527FCC9EB}.Release|anycpu.ActiveCfg = Release|anycpu
		{1DBCF1F5-1074-4515-8D81-26A527FCC9EB}.Release|anycpu.Build.0 = Release|anycpu
	EndGlobalSection
	GlobalSection(SolutionProperties) = preSolution
		HideSolutionNode = FALSE
	EndGlobalSection
	GlobalSection(ExtensibilityGlobals) = postSolution
		SolutionGuid = {A87F1FC6-5637-4307-9C6F-A916761ACFBC}
	EndGlobalSection
EndGlobal
