
Microsoft Visual Studio Solution File, Format Version 12.00
# Visual Studio Version 16
VisualStudioVersion = 16.0.810.5
MinimumVisualStudioVersion = 10.0.40219.1
Project("{FAE04EC0-301F-11D3-BF4B-00C04F79EFBC}") = "DateTimeKindOperators", "DateTimeKindOperators.csproj", "{382CC04C-E103-40E3-91C3-CEB0886CB90E}"
EndProject
Global
	GlobalSection(SolutionConfigurationPlatforms) = preSolution
		Debug|anycpu = Debug|anycpu
		Release|anycpu = Release|anycpu
	EndGlobalSection
	GlobalSection(ProjectConfigurationPlatforms) = postSolution
		{382CC04C-E103-40E3-91C3-CEB0886CB90E}.Debug|anycpu.ActiveCfg = Debug|anycpu
		{382CC04C-E103-40E3-91C3-CEB0886CB90E}.Debug|anycpu.Build.0 = Debug|anycpu
		{382CC04C-E103-40E3-91C3-CEB0886CB90E}.Release|anycpu.ActiveCfg = Release|anycpu
		{382CC04C-E103-40E3-91C3-CEB0886CB90E}.Release|anycpu.Build.0 = Release|anycpu
	EndGlobalSection
	GlobalSection(SolutionProperties) = preSolution
		HideSolutionNode = FALSE
	EndGlobalSection
	GlobalSection(ExtensibilityGlobals) = postSolution
		SolutionGuid = {DD3F73AF-5BFA-453F-B656-EFF773F8369B}
	EndGlobalSection
EndGlobal
