
Microsoft Visual Studio Solution File, Format Version 12.00
# Visual Studio Version 16
VisualStudioVersion = 16.0.810.5
MinimumVisualStudioVersion = 10.0.40219.1
Project("{FAE04EC0-301F-11D3-BF4B-00C04F79EFBC}") = "ArraysPart01", "ArraysPart01.csproj", "{B8A3469B-DAC9-4076-AD40-1EE9D049DF65}"
EndProject
Global
	GlobalSection(SolutionConfigurationPlatforms) = preSolution
		Debug|anycpu = Debug|anycpu
		Release|anycpu = Release|anycpu
	EndGlobalSection
	GlobalSection(ProjectConfigurationPlatforms) = postSolution
		{B8A3469B-DAC9-4076-AD40-1EE9D049DF65}.Debug|anycpu.ActiveCfg = Debug|anycpu
		{B8A3469B-DAC9-4076-AD40-1EE9D049DF65}.Debug|anycpu.Build.0 = Debug|anycpu
		{B8A3469B-DAC9-4076-AD40-1EE9D049DF65}.Release|anycpu.ActiveCfg = Release|anycpu
		{B8A3469B-DAC9-4076-AD40-1EE9D049DF65}.Release|anycpu.Build.0 = Release|anycpu
	EndGlobalSection
	GlobalSection(SolutionProperties) = preSolution
		HideSolutionNode = FALSE
	EndGlobalSection
	GlobalSection(ExtensibilityGlobals) = postSolution
		SolutionGuid = {396235F8-4D91-479C-98D9-DA1EE615B933}
	EndGlobalSection
EndGlobal
