
Microsoft Visual Studio Solution File, Format Version 12.00
# Visual Studio Version 16
VisualStudioVersion = 16.0.810.5
MinimumVisualStudioVersion = 10.0.40219.1
Project("{FAE04EC0-301F-11D3-BF4B-00C04F79EFBC}") = "DataOutputs", "DataOutputs.csproj", "{34509D5A-A55F-4CCB-A7E5-0AC9C3D4A756}"
EndProject
Global
	GlobalSection(SolutionConfigurationPlatforms) = preSolution
		Debug|anycpu = Debug|anycpu
		Release|anycpu = Release|anycpu
	EndGlobalSection
	GlobalSection(ProjectConfigurationPlatforms) = postSolution
		{34509D5A-A55F-4CCB-A7E5-0AC9C3D4A756}.Debug|anycpu.ActiveCfg = Debug|anycpu
		{34509D5A-A55F-4CCB-A7E5-0AC9C3D4A756}.Debug|anycpu.Build.0 = Debug|anycpu
		{34509D5A-A55F-4CCB-A7E5-0AC9C3D4A756}.Release|anycpu.ActiveCfg = Release|anycpu
		{34509D5A-A55F-4CCB-A7E5-0AC9C3D4A756}.Release|anycpu.Build.0 = Release|anycpu
	EndGlobalSection
	GlobalSection(SolutionProperties) = preSolution
		HideSolutionNode = FALSE
	EndGlobalSection
	GlobalSection(ExtensibilityGlobals) = postSolution
		SolutionGuid = {D08665BE-570B-4DDB-91B4-1B0675CF569B}
	EndGlobalSection
EndGlobal
