
Microsoft Visual Studio Solution File, Format Version 12.00
# Visual Studio Version 16
VisualStudioVersion = 16.0.31515.178
MinimumVisualStudioVersion = 10.0.40219.1
Project("{FAE04EC0-301F-11D3-BF4B-00C04F79EFBC}") = "HashSetSortedSetPart02", "HashSetSortedSetPart02\HashSetSortedSetPart02.csproj", "{D7BE547C-D43A-4D6F-AB9E-06FC51AB5528}"
EndProject
Global
	GlobalSection(SolutionConfigurationPlatforms) = preSolution
		Debug|Any CPU = Debug|Any CPU
		Release|Any CPU = Release|Any CPU
	EndGlobalSection
	GlobalSection(ProjectConfigurationPlatforms) = postSolution
		{D7BE547C-D43A-4D6F-AB9E-06FC51AB5528}.Debug|Any CPU.ActiveCfg = Debug|Any CPU
		{D7BE547C-D43A-4D6F-AB9E-06FC51AB5528}.Debug|Any CPU.Build.0 = Debug|Any CPU
		{D7BE547C-D43A-4D6F-AB9E-06FC51AB5528}.Release|Any CPU.ActiveCfg = Release|Any CPU
		{D7BE547C-D43A-4D6F-AB9E-06FC51AB5528}.Release|Any CPU.Build.0 = Release|Any CPU
	EndGlobalSection
	GlobalSection(SolutionProperties) = preSolution
		HideSolutionNode = FALSE
	EndGlobalSection
	GlobalSection(ExtensibilityGlobals) = postSolution
		SolutionGuid = {18BB3EB6-3F90-4A2B-B619-035A65CE7D6D}
	EndGlobalSection
EndGlobal
