
Microsoft Visual Studio Solution File, Format Version 12.00
# Visual Studio Version 16
VisualStudioVersion = 16.0.810.5
MinimumVisualStudioVersion = 10.0.40219.1
Project("{FAE04EC0-301F-11D3-BF4B-00C04F79EFBC}") = "AssignmentOperators", "AssignmentOperators.csproj", "{745B00E1-EA31-4A2D-929F-BF76CAC4DB4F}"
EndProject
Global
	GlobalSection(SolutionConfigurationPlatforms) = preSolution
		Debug|anycpu = Debug|anycpu
		Release|anycpu = Release|anycpu
	EndGlobalSection
	GlobalSection(ProjectConfigurationPlatforms) = postSolution
		{745B00E1-EA31-4A2D-929F-BF76CAC4DB4F}.Debug|anycpu.ActiveCfg = Debug|anycpu
		{745B00E1-EA31-4A2D-929F-BF76CAC4DB4F}.Debug|anycpu.Build.0 = Debug|anycpu
		{745B00E1-EA31-4A2D-929F-BF76CAC4DB4F}.Release|anycpu.ActiveCfg = Release|anycpu
		{745B00E1-EA31-4A2D-929F-BF76CAC4DB4F}.Release|anycpu.Build.0 = Release|anycpu
	EndGlobalSection
	GlobalSection(SolutionProperties) = preSolution
		HideSolutionNode = FALSE
	EndGlobalSection
	GlobalSection(ExtensibilityGlobals) = postSolution
		SolutionGuid = {36182914-4874-4DD1-93B5-B35CCE4A8F80}
	EndGlobalSection
EndGlobal
