
Microsoft Visual Studio Solution File, Format Version 12.00
# Visual Studio Version 16
VisualStudioVersion = 16.0.810.5
MinimumVisualStudioVersion = 10.0.40219.1
Project("{FAE04EC0-301F-11D3-BF4B-00C04F79EFBC}") = "StaticMembers01", "StaticMembers01.csproj", "{ED67ACDE-8206-485C-842D-500CAEE85789}"
EndProject
Global
	GlobalSection(SolutionConfigurationPlatforms) = preSolution
		Debug|anycpu = Debug|anycpu
		Release|anycpu = Release|anycpu
	EndGlobalSection
	GlobalSection(ProjectConfigurationPlatforms) = postSolution
		{ED67ACDE-8206-485C-842D-500CAEE85789}.Debug|anycpu.ActiveCfg = Debug|anycpu
		{ED67ACDE-8206-485C-842D-500CAEE85789}.Debug|anycpu.Build.0 = Debug|anycpu
		{ED67ACDE-8206-485C-842D-500CAEE85789}.Release|anycpu.ActiveCfg = Release|anycpu
		{ED67ACDE-8206-485C-842D-500CAEE85789}.Release|anycpu.Build.0 = Release|anycpu
	EndGlobalSection
	GlobalSection(SolutionProperties) = preSolution
		HideSolutionNode = FALSE
	EndGlobalSection
	GlobalSection(ExtensibilityGlobals) = postSolution
		SolutionGuid = {59F74DDC-D962-4B01-A9D6-509C593CCF81}
	EndGlobalSection
EndGlobal
