
Microsoft Visual Studio Solution File, Format Version 12.00
# Visual Studio Version 16
VisualStudioVersion = 16.0.810.5
MinimumVisualStudioVersion = 10.0.40219.1
Project("{FAE04EC0-301F-11D3-BF4B-00C04F79EFBC}") = "TryCatchStructure", "TryCatchStructure.csproj", "{153DDECC-718B-49E3-B575-6276E8FF0287}"
EndProject
Global
	GlobalSection(SolutionConfigurationPlatforms) = preSolution
		Debug|anycpu = Debug|anycpu
		Release|anycpu = Release|anycpu
	EndGlobalSection
	GlobalSection(ProjectConfigurationPlatforms) = postSolution
		{153DDECC-718B-49E3-B575-6276E8FF0287}.Debug|anycpu.ActiveCfg = Debug|anycpu
		{153DDECC-718B-49E3-B575-6276E8FF0287}.Debug|anycpu.Build.0 = Debug|anycpu
		{153DDECC-718B-49E3-B575-6276E8FF0287}.Release|anycpu.ActiveCfg = Release|anycpu
		{153DDECC-718B-49E3-B575-6276E8FF0287}.Release|anycpu.Build.0 = Release|anycpu
	EndGlobalSection
	GlobalSection(SolutionProperties) = preSolution
		HideSolutionNode = FALSE
	EndGlobalSection
	GlobalSection(ExtensibilityGlobals) = postSolution
		SolutionGuid = {DD2FF024-16C1-45B5-BD48-09EF27187F4C}
	EndGlobalSection
EndGlobal
