
Microsoft Visual Studio Solution File, Format Version 12.00
# Visual Studio Version 16
VisualStudioVersion = 16.0.810.5
MinimumVisualStudioVersion = 10.0.40219.1
Project("{FAE04EC0-301F-11D3-BF4B-00C04F79EFBC}") = "FixationExercise02", "FixationExercise02.csproj", "{C31087C5-73C8-4114-8FEB-C150035B1C58}"
EndProject
Global
	GlobalSection(SolutionConfigurationPlatforms) = preSolution
		Debug|anycpu = Debug|anycpu
		Release|anycpu = Release|anycpu
	EndGlobalSection
	GlobalSection(ProjectConfigurationPlatforms) = postSolution
		{C31087C5-73C8-4114-8FEB-C150035B1C58}.Debug|anycpu.ActiveCfg = Debug|anycpu
		{C31087C5-73C8-4114-8FEB-C150035B1C58}.Debug|anycpu.Build.0 = Debug|anycpu
		{C31087C5-73C8-4114-8FEB-C150035B1C58}.Release|anycpu.ActiveCfg = Release|anycpu
		{C31087C5-73C8-4114-8FEB-C150035B1C58}.Release|anycpu.Build.0 = Release|anycpu
	EndGlobalSection
	GlobalSection(SolutionProperties) = preSolution
		HideSolutionNode = FALSE
	EndGlobalSection
	GlobalSection(ExtensibilityGlobals) = postSolution
		SolutionGuid = {AB29A2E7-24EE-4D70-816B-DAE0C96144AA}
	EndGlobalSection
EndGlobal
