
Microsoft Visual Studio Solution File, Format Version 12.00
# Visual Studio Version 16
VisualStudioVersion = 16.0.810.5
MinimumVisualStudioVersion = 10.0.40219.1
Project("{FAE04EC0-301F-11D3-BF4B-00C04F79EFBC}") = "CourseBaseTypes", "CourseBaseTypes.csproj", "{5737B0F5-52E8-4A20-8C55-F2446357C68B}"
EndProject
Global
	GlobalSection(SolutionConfigurationPlatforms) = preSolution
		Debug|anycpu = Debug|anycpu
		Release|anycpu = Release|anycpu
	EndGlobalSection
	GlobalSection(ProjectConfigurationPlatforms) = postSolution
		{5737B0F5-52E8-4A20-8C55-F2446357C68B}.Debug|anycpu.ActiveCfg = Debug|anycpu
		{5737B0F5-52E8-4A20-8C55-F2446357C68B}.Debug|anycpu.Build.0 = Debug|anycpu
		{5737B0F5-52E8-4A20-8C55-F2446357C68B}.Release|anycpu.ActiveCfg = Release|anycpu
		{5737B0F5-52E8-4A20-8C55-F2446357C68B}.Release|anycpu.Build.0 = Release|anycpu
	EndGlobalSection
	GlobalSection(SolutionProperties) = preSolution
		HideSolutionNode = FALSE
	EndGlobalSection
	GlobalSection(ExtensibilityGlobals) = postSolution
		SolutionGuid = {6D04E982-DB7D-4D31-9464-45C7066F44CB}
	EndGlobalSection
EndGlobal
