
Microsoft Visual Studio Solution File, Format Version 12.00
# Visual Studio Version 16
VisualStudioVersion = 16.0.31424.327
MinimumVisualStudioVersion = 10.0.40219.1
Project("{FAE04EC0-301F-11D3-BF4B-00C04F79EFBC}") = "InterfacePart01", "InterfacePart01\InterfacePart01.csproj", "{B693405E-7823-4B86-B69F-16247780E000}"
EndProject
Global
	GlobalSection(SolutionConfigurationPlatforms) = preSolution
		Debug|Any CPU = Debug|Any CPU
		Release|Any CPU = Release|Any CPU
	EndGlobalSection
	GlobalSection(ProjectConfigurationPlatforms) = postSolution
		{B693405E-7823-4B86-B69F-16247780E000}.Debug|Any CPU.ActiveCfg = Debug|Any CPU
		{B693405E-7823-4B86-B69F-16247780E000}.Debug|Any CPU.Build.0 = Debug|Any CPU
		{B693405E-7823-4B86-B69F-16247780E000}.Release|Any CPU.ActiveCfg = Release|Any CPU
		{B693405E-7823-4B86-B69F-16247780E000}.Release|Any CPU.Build.0 = Release|Any CPU
	EndGlobalSection
	GlobalSection(SolutionProperties) = preSolution
		HideSolutionNode = FALSE
	EndGlobalSection
	GlobalSection(ExtensibilityGlobals) = postSolution
		SolutionGuid = {634F6227-3894-4595-A35E-057876C8E8F4}
	EndGlobalSection
EndGlobal
